
Microsoft Visual Studio Solution File, Format Version 12.00
# Visual Studio Version 16
VisualStudioVersion = 16.0.30310.162
MinimumVisualStudioVersion = 10.0.40219.1
Project("{9A19103F-16F7-4668-BE54-9A1E7A4F7556}") = "FunctionsApp", "FunctionsApp\FunctionsApp.csproj", "{AF1C44CD-BA3D-42DD-B738-BC5473D476F7}"
EndProject
Project("{9A19103F-16F7-4668-BE54-9A1E7A4F7556}") = "SharedModels", "SharedModels\SharedModels.csproj", "{A45C5B07-9050-4A92-8F60-7418EA1C6D59}"
EndProject
Project("{9A19103F-16F7-4668-BE54-9A1E7A4F7556}") = "BlazorCientApp", "BlazorCientApp\BlazorCientApp.csproj", "{39A96C49-6AFB-4F6A-8BFC-2075948F81B6}"
EndProject
Global
	GlobalSection(SolutionConfigurationPlatforms) = preSolution
		Debug|Any CPU = Debug|Any CPU
		Release|Any CPU = Release|Any CPU
	EndGlobalSection
	GlobalSection(ProjectConfigurationPlatforms) = postSolution
		{AF1C44CD-BA3D-42DD-B738-BC5473D476F7}.Debug|Any CPU.ActiveCfg = Debug|Any CPU
		{AF1C44CD-BA3D-42DD-B738-BC5473D476F7}.Debug|Any CPU.Build.0 = Debug|Any CPU
		{AF1C44CD-BA3D-42DD-B738-BC5473D476F7}.Release|Any CPU.ActiveCfg = Release|Any CPU
		{AF1C44CD-BA3D-42DD-B738-BC5473D476F7}.Release|Any CPU.Build.0 = Release|Any CPU
		{A45C5B07-9050-4A92-8F60-7418EA1C6D59}.Debug|Any CPU.ActiveCfg = Debug|Any CPU
		{A45C5B07-9050-4A92-8F60-7418EA1C6D59}.Debug|Any CPU.Build.0 = Debug|Any CPU
		{A45C5B07-9050-4A92-8F60-7418EA1C6D59}.Release|Any CPU.ActiveCfg = Release|Any CPU
		{A45C5B07-9050-4A92-8F60-7418EA1C6D59}.Release|Any CPU.Build.0 = Release|Any CPU
		{39A96C49-6AFB-4F6A-8BFC-2075948F81B6}.Debug|Any CPU.ActiveCfg = Debug|Any CPU
		{39A96C49-6AFB-4F6A-8BFC-2075948F81B6}.Debug|Any CPU.Build.0 = Debug|Any CPU
		{39A96C49-6AFB-4F6A-8BFC-2075948F81B6}.Release|Any CPU.ActiveCfg = Release|Any CPU
		{39A96C49-6AFB-4F6A-8BFC-2075948F81B6}.Release|Any CPU.Build.0 = Release|Any CPU
	EndGlobalSection
	GlobalSection(SolutionProperties) = preSolution
		HideSolutionNode = FALSE
	EndGlobalSection
	GlobalSection(ExtensibilityGlobals) = postSolution
		SolutionGuid = {E3ED0695-72EA-4CCF-B3E8-B16E391DC318}
	EndGlobalSection
EndGlobal
